
Microsoft Visual Studio Solution File, Format Version 12.00
# Visual Studio Version 17
VisualStudioVersion = 17.0.31903.59
MinimumVisualStudioVersion = 10.0.40219.1
Project("{FAE04EC0-301F-11D3-BF4B-00C04F79EFBC}") = "Service", "Service.csproj", "{D8E33FF8-9813-4214-86FD-504E7E13516D}"
EndProject
Project("{FAE04EC0-301F-11D3-BF4B-00C04F79EFBC}") = "ServiceTests", "..\ServiceTests\ServiceTests.csproj", "{7A1EA9AC-D28B-4461-8F50-3AA9C7A42E17}"
EndProject
Global
	GlobalSection(SolutionConfigurationPlatforms) = preSolution
		Debug|Any CPU = Debug|Any CPU
		Release|Any CPU = Release|Any CPU
	EndGlobalSection
	GlobalSection(SolutionProperties) = preSolution
		HideSolutionNode = FALSE
	EndGlobalSection
	GlobalSection(ProjectConfigurationPlatforms) = postSolution
		{D8E33FF8-9813-4214-86FD-504E7E13516D}.Debug|Any CPU.ActiveCfg = Debug|Any CPU
		{D8E33FF8-9813-4214-86FD-504E7E13516D}.Debug|Any CPU.Build.0 = Debug|Any CPU
		{D8E33FF8-9813-4214-86FD-504E7E13516D}.Release|Any CPU.ActiveCfg = Release|Any CPU
		{D8E33FF8-9813-4214-86FD-504E7E13516D}.Release|Any CPU.Build.0 = Release|Any CPU
		{7A1EA9AC-D28B-4461-8F50-3AA9C7A42E17}.Debug|Any CPU.ActiveCfg = Debug|Any CPU
		{7A1EA9AC-D28B-4461-8F50-3AA9C7A42E17}.Debug|Any CPU.Build.0 = Debug|Any CPU
		{7A1EA9AC-D28B-4461-8F50-3AA9C7A42E17}.Release|Any CPU.ActiveCfg = Release|Any CPU
		{7A1EA9AC-D28B-4461-8F50-3AA9C7A42E17}.Release|Any CPU.Build.0 = Release|Any CPU
	EndGlobalSection
EndGlobal
