
Microsoft Visual Studio Solution File, Format Version 12.00
# Visual Studio Version 17
VisualStudioVersion = 17.0.31903.59
MinimumVisualStudioVersion = 10.0.40219.1
Project("{FAE04EC0-301F-11D3-BF4B-00C04F79EFBC}") = "Database", "Database.csproj", "{016E595C-E41C-4DBF-B91C-ABD5F74AB4C8}"
EndProject
Project("{FAE04EC0-301F-11D3-BF4B-00C04F79EFBC}") = "DatabaseTests", "..\DatabaseTests\DatabaseTests.csproj", "{C8D7BB4F-3AD6-42BF-B514-E42B64D3D533}"
EndProject
Global
	GlobalSection(SolutionConfigurationPlatforms) = preSolution
		Debug|Any CPU = Debug|Any CPU
		Release|Any CPU = Release|Any CPU
	EndGlobalSection
	GlobalSection(SolutionProperties) = preSolution
		HideSolutionNode = FALSE
	EndGlobalSection
	GlobalSection(ProjectConfigurationPlatforms) = postSolution
		{016E595C-E41C-4DBF-B91C-ABD5F74AB4C8}.Debug|Any CPU.ActiveCfg = Debug|Any CPU
		{016E595C-E41C-4DBF-B91C-ABD5F74AB4C8}.Debug|Any CPU.Build.0 = Debug|Any CPU
		{016E595C-E41C-4DBF-B91C-ABD5F74AB4C8}.Release|Any CPU.ActiveCfg = Release|Any CPU
		{016E595C-E41C-4DBF-B91C-ABD5F74AB4C8}.Release|Any CPU.Build.0 = Release|Any CPU
		{C8D7BB4F-3AD6-42BF-B514-E42B64D3D533}.Debug|Any CPU.ActiveCfg = Debug|Any CPU
		{C8D7BB4F-3AD6-42BF-B514-E42B64D3D533}.Debug|Any CPU.Build.0 = Debug|Any CPU
		{C8D7BB4F-3AD6-42BF-B514-E42B64D3D533}.Release|Any CPU.ActiveCfg = Release|Any CPU
		{C8D7BB4F-3AD6-42BF-B514-E42B64D3D533}.Release|Any CPU.Build.0 = Release|Any CPU
	EndGlobalSection
EndGlobal
